// !$*UTF8*$!
{
	archiveVersion = 1;
	classes = {
	};
	objectVersion = 45;
	objects = {

/* Begin PBXBuildFile section */
		3509D02811D2739D001826B9 /* LMLLibrary.h in Headers */ = {isa = PBXBuildFile; fileRef = 3509D02611D2739C001826B9 /* LMLLibrary.h */; };
		3509D02911D2739D001826B9 /* LMLLibrary.m in Sources */ = {isa = PBXBuildFile; fileRef = 3509D02711D2739C001826B9 /* LMLLibrary.m */; };
		3509D02C11D273B5001826B9 /* LMLItem.h in Headers */ = {isa = PBXBuildFile; fileRef = 3509D02A11D273B5001826B9 /* LMLItem.h */; };
		3509D02D11D273B5001826B9 /* LMLItem.m in Sources */ = {isa = PBXBuildFile; fileRef = 3509D02B11D273B5001826B9 /* LMLItem.m */; };
		3509D05911D2769E001826B9 /* GHUnit.framework in Frameworks */ = {isa = PBXBuildFile; fileRef = 3509D05811D2769E001826B9 /* GHUnit.framework */; };
		3509D15211D27915001826B9 /* GHUnit.framework in CopyFiles */ = {isa = PBXBuildFile; fileRef = 3509D05811D2769E001826B9 /* GHUnit.framework */; };
		3509D15611D279A8001826B9 /* GHUnitTestMain.m in Sources */ = {isa = PBXBuildFile; fileRef = 3509D15511D279A8001826B9 /* GHUnitTestMain.m */; };
		3509D15711D279DA001826B9 /* liblml.a in Frameworks */ = {isa = PBXBuildFile; fileRef = D2AAC07E0554694100DB518D /* liblml.a */; };
		3509D17011D27AEA001826B9 /* LMLItemInitTest.m in Sources */ = {isa = PBXBuildFile; fileRef = 3509D16F11D27AEA001826B9 /* LMLItemInitTest.m */; };
		3523492311D2BEEE00BF3C5A /* LMLLibraryInitTest.m in Sources */ = {isa = PBXBuildFile; fileRef = 3523491911D2BDB800BF3C5A /* LMLLibraryInitTest.m */; };
		3538E32E11D5045B00F60E84 /* LMLAppleITunesXmlImporterTest.m in Sources */ = {isa = PBXBuildFile; fileRef = 3538E32D11D5045B00F60E84 /* LMLAppleITunesXmlImporterTest.m */; };
		3538E33F11D509E100F60E84 /* LMLAppleITunesXmlImporter.h in Headers */ = {isa = PBXBuildFile; fileRef = 3538E33D11D509E100F60E84 /* LMLAppleITunesXmlImporter.h */; };
		3538E34011D509E100F60E84 /* LMLAppleITunesXmlImporter.m in Sources */ = {isa = PBXBuildFile; fileRef = 3538E33E11D509E100F60E84 /* LMLAppleITunesXmlImporter.m */; };
		35800A7511D7E83200A3AF1D /* LMLXmlSerializerTest.m in Sources */ = {isa = PBXBuildFile; fileRef = 35800A7411D7E83200A3AF1D /* LMLXmlSerializerTest.m */; };
		35800A7811D7E88100A3AF1D /* LMLXmlSerializer.h in Headers */ = {isa = PBXBuildFile; fileRef = 35800A7611D7E88100A3AF1D /* LMLXmlSerializer.h */; };
		35800A7911D7E88100A3AF1D /* LMLXmlSerializer.m in Sources */ = {isa = PBXBuildFile; fileRef = 35800A7711D7E88100A3AF1D /* LMLXmlSerializer.m */; };
		35C4C08111D3CD23007B139A /* LMLItemEqualityTest.m in Sources */ = {isa = PBXBuildFile; fileRef = 35C4C08011D3CD23007B139A /* LMLItemEqualityTest.m */; };
		35D5619C11D5620E00AE17B6 /* LMLConstants.h in Headers */ = {isa = PBXBuildFile; fileRef = 35D5619B11D5620E00AE17B6 /* LMLConstants.h */; };
		35D561E311D568D700AE17B6 /* LMLConstants.m in Sources */ = {isa = PBXBuildFile; fileRef = 35D561E211D568D700AE17B6 /* LMLConstants.m */; };
		D2AAC088055469A000DB518D /* Cocoa.framework in Frameworks */ = {isa = PBXBuildFile; fileRef = 1058C7B1FEA5585E11CA2CBB /* Cocoa.framework */; };
/* End PBXBuildFile section */

/* Begin PBXContainerItemProxy section */
		356AC74411D2AECE0051D9D0 /* PBXContainerItemProxy */ = {
			isa = PBXContainerItemProxy;
			containerPortal = 0867D690FE84028FC02AAC07 /* Project object */;
			proxyType = 1;
			remoteGlobalIDString = D2AAC07D0554694100DB518D;
			remoteInfo = lml;
		};
/* End PBXContainerItemProxy section */

/* Begin PBXCopyFilesBuildPhase section */
		3509D14E11D277C9001826B9 /* CopyFiles */ = {
			isa = PBXCopyFilesBuildPhase;
			buildActionMask = 2147483647;
			dstPath = "";
			dstSubfolderSpec = 10;
			files = (
				3509D15211D27915001826B9 /* GHUnit.framework in CopyFiles */,
			);
			runOnlyForDeploymentPostprocessing = 0;
		};
/* End PBXCopyFilesBuildPhase section */

/* Begin PBXFileReference section */
		0867D69BFE84028FC02AAC07 /* Foundation.framework */ = {isa = PBXFileReference; lastKnownFileType = wrapper.framework; name = Foundation.framework; path = /System/Library/Frameworks/Foundation.framework; sourceTree = "<absolute>"; };
		0867D6A5FE840307C02AAC07 /* AppKit.framework */ = {isa = PBXFileReference; lastKnownFileType = wrapper.framework; name = AppKit.framework; path = /System/Library/Frameworks/AppKit.framework; sourceTree = "<absolute>"; };
		1058C7B1FEA5585E11CA2CBB /* Cocoa.framework */ = {isa = PBXFileReference; lastKnownFileType = wrapper.framework; name = Cocoa.framework; path = /System/Library/Frameworks/Cocoa.framework; sourceTree = "<absolute>"; };
		32DBCF5E0370ADEE00C91783 /* lml_Prefix.pch */ = {isa = PBXFileReference; fileEncoding = 4; lastKnownFileType = sourcecode.c.h; path = lml_Prefix.pch; sourceTree = "<group>"; };
		3509D02611D2739C001826B9 /* LMLLibrary.h */ = {isa = PBXFileReference; fileEncoding = 4; lastKnownFileType = sourcecode.c.h; path = LMLLibrary.h; sourceTree = "<group>"; };
		3509D02711D2739C001826B9 /* LMLLibrary.m */ = {isa = PBXFileReference; fileEncoding = 4; lastKnownFileType = sourcecode.c.objc; path = LMLLibrary.m; sourceTree = "<group>"; };
		3509D02A11D273B5001826B9 /* LMLItem.h */ = {isa = PBXFileReference; fileEncoding = 4; lastKnownFileType = sourcecode.c.h; path = LMLItem.h; sourceTree = "<group>"; };
		3509D02B11D273B5001826B9 /* LMLItem.m */ = {isa = PBXFileReference; fileEncoding = 4; lastKnownFileType = sourcecode.c.objc; path = LMLItem.m; sourceTree = "<group>"; };
		3509D05211D275FD001826B9 /* Tests.app */ = {isa = PBXFileReference; explicitFileType = wrapper.application; includeInIndex = 0; path = Tests.app; sourceTree = BUILT_PRODUCTS_DIR; };
		3509D05411D275FD001826B9 /* Tests-Info.plist */ = {isa = PBXFileReference; lastKnownFileType = text.plist.xml; path = "Tests-Info.plist"; sourceTree = "<group>"; };
		3509D05811D2769E001826B9 /* GHUnit.framework */ = {isa = PBXFileReference; lastKnownFileType = wrapper.framework; name = GHUnit.framework; path = Frameworks/GHUnit.framework; sourceTree = "<group>"; };
		3509D15511D279A8001826B9 /* GHUnitTestMain.m */ = {isa = PBXFileReference; fileEncoding = 4; lastKnownFileType = sourcecode.c.objc; path = GHUnitTestMain.m; sourceTree = "<group>"; };
		3509D16F11D27AEA001826B9 /* LMLItemInitTest.m */ = {isa = PBXFileReference; fileEncoding = 4; lastKnownFileType = sourcecode.c.objc; path = LMLItemInitTest.m; sourceTree = "<group>"; };
		3523491911D2BDB800BF3C5A /* LMLLibraryInitTest.m */ = {isa = PBXFileReference; fileEncoding = 4; lastKnownFileType = sourcecode.c.objc; path = LMLLibraryInitTest.m; sourceTree = "<group>"; };
		3538E32D11D5045B00F60E84 /* LMLAppleITunesXmlImporterTest.m */ = {isa = PBXFileReference; fileEncoding = 4; lastKnownFileType = sourcecode.c.objc; path = LMLAppleITunesXmlImporterTest.m; sourceTree = "<group>"; };
		3538E33D11D509E100F60E84 /* LMLAppleITunesXmlImporter.h */ = {isa = PBXFileReference; fileEncoding = 4; lastKnownFileType = sourcecode.c.h; path = LMLAppleITunesXmlImporter.h; sourceTree = "<group>"; };
		3538E33E11D509E100F60E84 /* LMLAppleITunesXmlImporter.m */ = {isa = PBXFileReference; fileEncoding = 4; lastKnownFileType = sourcecode.c.objc; path = LMLAppleITunesXmlImporter.m; sourceTree = "<group>"; };
		35800A7411D7E83200A3AF1D /* LMLXmlSerializerTest.m */ = {isa = PBXFileReference; fileEncoding = 4; lastKnownFileType = sourcecode.c.objc; path = LMLXmlSerializerTest.m; sourceTree = "<group>"; };
		35800A7611D7E88100A3AF1D /* LMLXmlSerializer.h */ = {isa = PBXFileReference; fileEncoding = 4; lastKnownFileType = sourcecode.c.h; path = LMLXmlSerializer.h; sourceTree = "<group>"; };
		35800A7711D7E88100A3AF1D /* LMLXmlSerializer.m */ = {isa = PBXFileReference; fileEncoding = 4; lastKnownFileType = sourcecode.c.objc; path = LMLXmlSerializer.m; sourceTree = "<group>"; };
		35C4C08011D3CD23007B139A /* LMLItemEqualityTest.m */ = {isa = PBXFileReference; fileEncoding = 4; lastKnownFileType = sourcecode.c.objc; path = LMLItemEqualityTest.m; sourceTree = "<group>"; };
		35CBC48F11D4FD7F0000C666 /* mac iTML 9_0_3 - simple names.xml */ = {isa = PBXFileReference; fileEncoding = 4; lastKnownFileType = text.xml; path = "mac iTML 9_0_3 - simple names.xml"; sourceTree = "<group>"; };
		35CBC49011D4FD7F0000C666 /* mac iTML 9_1_1 - artist suffixes.xml */ = {isa = PBXFileReference; fileEncoding = 4; lastKnownFileType = text.xml; path = "mac iTML 9_1_1 - artist suffixes.xml"; sourceTree = "<group>"; };
		35D5619B11D5620E00AE17B6 /* LMLConstants.h */ = {isa = PBXFileReference; fileEncoding = 4; lastKnownFileType = sourcecode.c.h; path = LMLConstants.h; sourceTree = "<group>"; };
		35D561E211D568D700AE17B6 /* LMLConstants.m */ = {isa = PBXFileReference; fileEncoding = 4; lastKnownFileType = sourcecode.c.objc; path = LMLConstants.m; sourceTree = "<group>"; };
		D2AAC07E0554694100DB518D /* liblml.a */ = {isa = PBXFileReference; explicitFileType = archive.ar; includeInIndex = 0; path = liblml.a; sourceTree = BUILT_PRODUCTS_DIR; };
		D2F7E8BE07B2D77200F64583 /* CoreData.framework */ = {isa = PBXFileReference; lastKnownFileType = wrapper.framework; name = CoreData.framework; path = /System/Library/Frameworks/CoreData.framework; sourceTree = "<absolute>"; };
/* End PBXFileReference section */

/* Begin PBXFrameworksBuildPhase section */
		3509D05011D275FD001826B9 /* Frameworks */ = {
			isa = PBXFrameworksBuildPhase;
			buildActionMask = 2147483647;
			files = (
				3509D05911D2769E001826B9 /* GHUnit.framework in Frameworks */,
				3509D15711D279DA001826B9 /* liblml.a in Frameworks */,
			);
			runOnlyForDeploymentPostprocessing = 0;
		};
		D2AAC07C0554694100DB518D /* Frameworks */ = {
			isa = PBXFrameworksBuildPhase;
			buildActionMask = 2147483647;
			files = (
				D2AAC088055469A000DB518D /* Cocoa.framework in Frameworks */,
			);
			runOnlyForDeploymentPostprocessing = 0;
		};
/* End PBXFrameworksBuildPhase section */

/* Begin PBXGroup section */
		034768DFFF38A50411DB9C8B /* Products */ = {
			isa = PBXGroup;
			children = (
				D2AAC07E0554694100DB518D /* liblml.a */,
				3509D05211D275FD001826B9 /* Tests.app */,
			);
			name = Products;
			sourceTree = "<group>";
		};
		0867D691FE84028FC02AAC07 /* lml-m */ = {
			isa = PBXGroup;
			children = (
				08FB77AEFE84172EC02AAC07 /* Classes */,
				35CBC49B11D4FD890000C666 /* Example Files */,
				32C88DFF0371C24200C91783 /* Other Sources */,
				0867D69AFE84028FC02AAC07 /* External Frameworks and Libraries */,
				034768DFFF38A50411DB9C8B /* Products */,
				3509D05411D275FD001826B9 /* Tests-Info.plist */,
			);
			name = "lml-m";
			sourceTree = "<group>";
		};
		0867D69AFE84028FC02AAC07 /* External Frameworks and Libraries */ = {
			isa = PBXGroup;
			children = (
				3509D05811D2769E001826B9 /* GHUnit.framework */,
				1058C7B0FEA5585E11CA2CBB /* Linked Frameworks */,
				1058C7B2FEA5585E11CA2CBB /* Other Frameworks */,
			);
			name = "External Frameworks and Libraries";
			sourceTree = "<group>";
		};
		08FB77AEFE84172EC02AAC07 /* Classes */ = {
			isa = PBXGroup;
			children = (
				3509D15F11D27A88001826B9 /* LML */,
				3509D16011D27A92001826B9 /* Tests */,
			);
			name = Classes;
			sourceTree = "<group>";
		};
		1058C7B0FEA5585E11CA2CBB /* Linked Frameworks */ = {
			isa = PBXGroup;
			children = (
				1058C7B1FEA5585E11CA2CBB /* Cocoa.framework */,
			);
			name = "Linked Frameworks";
			sourceTree = "<group>";
		};
		1058C7B2FEA5585E11CA2CBB /* Other Frameworks */ = {
			isa = PBXGroup;
			children = (
				0867D6A5FE840307C02AAC07 /* AppKit.framework */,
				D2F7E8BE07B2D77200F64583 /* CoreData.framework */,
				0867D69BFE84028FC02AAC07 /* Foundation.framework */,
			);
			name = "Other Frameworks";
			sourceTree = "<group>";
		};
		32C88DFF0371C24200C91783 /* Other Sources */ = {
			isa = PBXGroup;
			children = (
				32DBCF5E0370ADEE00C91783 /* lml_Prefix.pch */,
			);
			name = "Other Sources";
			sourceTree = "<group>";
		};
		3509D15F11D27A88001826B9 /* LML */ = {
			isa = PBXGroup;
			children = (
				3509D02611D2739C001826B9 /* LMLLibrary.h */,
				3509D02711D2739C001826B9 /* LMLLibrary.m */,
				3509D02A11D273B5001826B9 /* LMLItem.h */,
				3509D02B11D273B5001826B9 /* LMLItem.m */,
				3538E33D11D509E100F60E84 /* LMLAppleITunesXmlImporter.h */,
				3538E33E11D509E100F60E84 /* LMLAppleITunesXmlImporter.m */,
				35D5619B11D5620E00AE17B6 /* LMLConstants.h */,
				35D561E211D568D700AE17B6 /* LMLConstants.m */,
				35800A7611D7E88100A3AF1D /* LMLXmlSerializer.h */,
				35800A7711D7E88100A3AF1D /* LMLXmlSerializer.m */,
			);
			name = LML;
			sourceTree = "<group>";
		};
		3509D16011D27A92001826B9 /* Tests */ = {
			isa = PBXGroup;
			children = (
				3509D15511D279A8001826B9 /* GHUnitTestMain.m */,
				3509D16F11D27AEA001826B9 /* LMLItemInitTest.m */,
				35C4C08011D3CD23007B139A /* LMLItemEqualityTest.m */,
				3523491911D2BDB800BF3C5A /* LMLLibraryInitTest.m */,
				3538E32D11D5045B00F60E84 /* LMLAppleITunesXmlImporterTest.m */,
				35800A7411D7E83200A3AF1D /* LMLXmlSerializerTest.m */,
			);
			name = Tests;
			sourceTree = "<group>";
		};
		35CBC49B11D4FD890000C666 /* Example Files */ = {
			isa = PBXGroup;
			children = (
				35CBC48F11D4FD7F0000C666 /* mac iTML 9_0_3 - simple names.xml */,
				35CBC49011D4FD7F0000C666 /* mac iTML 9_1_1 - artist suffixes.xml */,
			);
			name = "Example Files";
			sourceTree = "<group>";
		};
/* End PBXGroup section */

/* Begin PBXHeadersBuildPhase section */
		D2AAC07A0554694100DB518D /* Headers */ = {
			isa = PBXHeadersBuildPhase;
			buildActionMask = 2147483647;
			files = (
				3509D02811D2739D001826B9 /* LMLLibrary.h in Headers */,
				3509D02C11D273B5001826B9 /* LMLItem.h in Headers */,
				3538E33F11D509E100F60E84 /* LMLAppleITunesXmlImporter.h in Headers */,
				35D5619C11D5620E00AE17B6 /* LMLConstants.h in Headers */,
				35800A7811D7E88100A3AF1D /* LMLXmlSerializer.h in Headers */,
			);
			runOnlyForDeploymentPostprocessing = 0;
		};
/* End PBXHeadersBuildPhase section */

/* Begin PBXNativeTarget section */
		3509D05111D275FD001826B9 /* Tests */ = {
			isa = PBXNativeTarget;
			buildConfigurationList = 3509D05711D275FD001826B9 /* Build configuration list for PBXNativeTarget "Tests" */;
			buildPhases = (
				3509D14E11D277C9001826B9 /* CopyFiles */,
				3509D04E11D275FD001826B9 /* Resources */,
				3509D04F11D275FD001826B9 /* Sources */,
				3509D05011D275FD001826B9 /* Frameworks */,
			);
			buildRules = (
			);
			dependencies = (
				356AC74511D2AECE0051D9D0 /* PBXTargetDependency */,
			);
			name = Tests;
			productName = Tests;
			productReference = 3509D05211D275FD001826B9 /* Tests.app */;
			productType = "com.apple.product-type.application";
		};
		D2AAC07D0554694100DB518D /* lml */ = {
			isa = PBXNativeTarget;
			buildConfigurationList = 1DEB921E08733DC00010E9CD /* Build configuration list for PBXNativeTarget "lml" */;
			buildPhases = (
				D2AAC07A0554694100DB518D /* Headers */,
				D2AAC07B0554694100DB518D /* Sources */,
				D2AAC07C0554694100DB518D /* Frameworks */,
			);
			buildRules = (
			);
			dependencies = (
			);
			name = lml;
			productName = "lml-m";
			productReference = D2AAC07E0554694100DB518D /* liblml.a */;
			productType = "com.apple.product-type.library.static";
		};
/* End PBXNativeTarget section */

/* Begin PBXProject section */
		0867D690FE84028FC02AAC07 /* Project object */ = {
			isa = PBXProject;
			buildConfigurationList = 1DEB922208733DC00010E9CD /* Build configuration list for PBXProject "lml" */;
			compatibilityVersion = "Xcode 3.1";
			hasScannedForEncodings = 1;
			mainGroup = 0867D691FE84028FC02AAC07 /* lml-m */;
			productRefGroup = 034768DFFF38A50411DB9C8B /* Products */;
			projectDirPath = "";
			projectRoot = "";
			targets = (
				D2AAC07D0554694100DB518D /* lml */,
				3509D05111D275FD001826B9 /* Tests */,
			);
		};
/* End PBXProject section */

/* Begin PBXResourcesBuildPhase section */
		3509D04E11D275FD001826B9 /* Resources */ = {
			isa = PBXResourcesBuildPhase;
			buildActionMask = 2147483647;
			files = (
			);
			runOnlyForDeploymentPostprocessing = 0;
		};
/* End PBXResourcesBuildPhase section */

/* Begin PBXSourcesBuildPhase section */
		3509D04F11D275FD001826B9 /* Sources */ = {
			isa = PBXSourcesBuildPhase;
			buildActionMask = 2147483647;
			files = (
				3523492311D2BEEE00BF3C5A /* LMLLibraryInitTest.m in Sources */,
				3509D15611D279A8001826B9 /* GHUnitTestMain.m in Sources */,
				3509D17011D27AEA001826B9 /* LMLItemInitTest.m in Sources */,
				35C4C08111D3CD23007B139A /* LMLItemEqualityTest.m in Sources */,
				3538E32E11D5045B00F60E84 /* LMLAppleITunesXmlImporterTest.m in Sources */,
				35800A7511D7E83200A3AF1D /* LMLXmlSerializerTest.m in Sources */,
			);
			runOnlyForDeploymentPostprocessing = 0;
		};
		D2AAC07B0554694100DB518D /* Sources */ = {
			isa = PBXSourcesBuildPhase;
			buildActionMask = 2147483647;
			files = (
				3509D02911D2739D001826B9 /* LMLLibrary.m in Sources */,
				3509D02D11D273B5001826B9 /* LMLItem.m in Sources */,
				3538E34011D509E100F60E84 /* LMLAppleITunesXmlImporter.m in Sources */,
				35D561E311D568D700AE17B6 /* LMLConstants.m in Sources */,
				35800A7911D7E88100A3AF1D /* LMLXmlSerializer.m in Sources */,
			);
			runOnlyForDeploymentPostprocessing = 0;
		};
/* End PBXSourcesBuildPhase section */

/* Begin PBXTargetDependency section */
		356AC74511D2AECE0051D9D0 /* PBXTargetDependency */ = {
			isa = PBXTargetDependency;
			target = D2AAC07D0554694100DB518D /* lml */;
			targetProxy = 356AC74411D2AECE0051D9D0 /* PBXContainerItemProxy */;
		};
/* End PBXTargetDependency section */

/* Begin XCBuildConfiguration section */
		1DEB921F08733DC00010E9CD /* Debug */ = {
			isa = XCBuildConfiguration;
			buildSettings = {
				ALWAYS_SEARCH_USER_PATHS = NO;
				ARCHS = "$(ARCHS_STANDARD_32_64_BIT)";
				COPY_PHASE_STRIP = NO;
				GCC_DYNAMIC_NO_PIC = NO;
				GCC_ENABLE_FIX_AND_CONTINUE = YES;
				GCC_MODEL_TUNING = G5;
				GCC_OPTIMIZATION_LEVEL = 0;
				GCC_PRECOMPILE_PREFIX_HEADER = YES;
				GCC_PREFIX_HEADER = lml_Prefix.pch;
				INSTALL_PATH = /usr/local/lib;
				ONLY_ACTIVE_ARCH = YES;
				PRODUCT_NAME = lml;
			};
			name = Debug;
		};
		1DEB922008733DC00010E9CD /* Release */ = {
			isa = XCBuildConfiguration;
			buildSettings = {
				ALWAYS_SEARCH_USER_PATHS = NO;
				ARCHS = "$(ARCHS_STANDARD_32_BIT)";
				DEBUG_INFORMATION_FORMAT = "dwarf-with-dsym";
				GCC_MODEL_TUNING = G5;
				GCC_PRECOMPILE_PREFIX_HEADER = YES;
				GCC_PREFIX_HEADER = lml_Prefix.pch;
				INSTALL_PATH = /usr/local/lib;
				PRODUCT_NAME = lml;
			};
			name = Release;
		};
		1DEB922308733DC00010E9CD /* Debug */ = {
			isa = XCBuildConfiguration;
			buildSettings = {
				ARCHS = "$(ARCHS_STANDARD_32_64_BIT)";
				GCC_C_LANGUAGE_STANDARD = gnu99;
				GCC_OPTIMIZATION_LEVEL = 0;
				GCC_WARN_ABOUT_RETURN_TYPE = YES;
				GCC_WARN_UNUSED_VARIABLE = YES;
				LD_RUNPATH_SEARCH_PATHS = "@loader_path/../Frameworks";
				ONLY_ACTIVE_ARCH = YES;
				PREBINDING = NO;
				SDKROOT = macosx10.5;
			};
			name = Debug;
		};
		1DEB922408733DC00010E9CD /* Release */ = {
			isa = XCBuildConfiguration;
			buildSettings = {
				ARCHS = "$(ARCHS_STANDARD_32_64_BIT)";
				GCC_C_LANGUAGE_STANDARD = gnu99;
				GCC_WARN_ABOUT_RETURN_TYPE = YES;
				GCC_WARN_UNUSED_VARIABLE = YES;
				LD_RUNPATH_SEARCH_PATHS = "@loader_path/../Frameworks";
				PREBINDING = NO;
				SDKROOT = macosx10.5;
			};
			name = Release;
		};
		3509D05511D275FD001826B9 /* Debug */ = {
			isa = XCBuildConfiguration;
			buildSettings = {
				ALWAYS_SEARCH_USER_PATHS = NO;
				COPY_PHASE_STRIP = NO;
				FRAMEWORK_SEARCH_PATHS = (
					"$(inherited)",
					"\"$(SRCROOT)/Frameworks\"",
				);
				GCC_DYNAMIC_NO_PIC = NO;
				GCC_ENABLE_FIX_AND_CONTINUE = YES;
				GCC_MODEL_TUNING = G5;
				GCC_OPTIMIZATION_LEVEL = 0;
				GCC_PRECOMPILE_PREFIX_HEADER = YES;
				GCC_PREFIX_HEADER = "$(SYSTEM_LIBRARY_DIR)/Frameworks/AppKit.framework/Headers/AppKit.h";
				INFOPLIST_FILE = "Tests-Info.plist";
				INSTALL_PATH = "$(HOME)/Applications";
				OTHER_LDFLAGS = (
					"-framework",
					Foundation,
					"-framework",
					AppKit,
				);
				PREBINDING = NO;
				PRODUCT_NAME = Tests;
			};
			name = Debug;
		};
		3509D05611D275FD001826B9 /* Release */ = {
			isa = XCBuildConfiguration;
			buildSettings = {
				ALWAYS_SEARCH_USER_PATHS = NO;
				COPY_PHASE_STRIP = YES;
				DEBUG_INFORMATION_FORMAT = "dwarf-with-dsym";
				FRAMEWORK_SEARCH_PATHS = (
					"$(inherited)",
					"\"$(SRCROOT)/Frameworks\"",
				);
				GCC_ENABLE_FIX_AND_CONTINUE = NO;
				GCC_MODEL_TUNING = G5;
				GCC_PRECOMPILE_PREFIX_HEADER = YES;
				GCC_PREFIX_HEADER = "$(SYSTEM_LIBRARY_DIR)/Frameworks/AppKit.framework/Headers/AppKit.h";
				INFOPLIST_FILE = "Tests-Info.plist";
				INSTALL_PATH = "$(HOME)/Applications";
				OTHER_LDFLAGS = (
					"-framework",
					Foundation,
					"-framework",
					AppKit,
				);
				PREBINDING = NO;
				PRODUCT_NAME = Tests;
				ZERO_LINK = NO;
			};
			name = Release;
		};
/* End XCBuildConfiguration section */

/* Begin XCConfigurationList section */
		1DEB921E08733DC00010E9CD /* Build configuration list for PBXNativeTarget "lml" */ = {
			isa = XCConfigurationList;
			buildConfigurations = (
				1DEB921F08733DC00010E9CD /* Debug */,
				1DEB922008733DC00010E9CD /* Release */,
			);
			defaultConfigurationIsVisible = 0;
			defaultConfigurationName = Release;
		};
		1DEB922208733DC00010E9CD /* Build configuration list for PBXProject "lml" */ = {
			isa = XCConfigurationList;
			buildConfigurations = (
				1DEB922308733DC00010E9CD /* Debug */,
				1DEB922408733DC00010E9CD /* Release */,
			);
			defaultConfigurationIsVisible = 0;
			defaultConfigurationName = Release;
		};
		3509D05711D275FD001826B9 /* Build configuration list for PBXNativeTarget "Tests" */ = {
			isa = XCConfigurationList;
			buildConfigurations = (
				3509D05511D275FD001826B9 /* Debug */,
				3509D05611D275FD001826B9 /* Release */,
			);
			defaultConfigurationIsVisible = 0;
			defaultConfigurationName = Release;
		};
/* End XCConfigurationList section */
	};
	rootObject = 0867D690FE84028FC02AAC07 /* Project object */;
}
